{
  "name": "vcs-hosted-k8s-helm-installer",
  "version": "1.0.0",
  "lockfileVersion": 1,
  "requires": true,
  "dependencies": {
    "os-tmpdir": {
      "version": "1.0.2",
      "resolved": "https://registry.npmjs.org/os-tmpdir/-/os-tmpdir-1.0.2.tgz",
      "integrity": "sha1-u+Z0BseaqFxc/sdm/lc0VV36EnQ="
    },
    "rimraf": {
      "version": "2.2.8",
      "resolved": "https://registry.npmjs.org/rimraf/-/rimraf-2.2.8.tgz",
      "integrity": "sha1-5Dm+Kq7jJzIZUnMPmaiSnk/FBYI="
    },
    "temp": {
      "version": "0.8.3",
      "resolved": "https://registry.npmjs.org/temp/-/temp-0.8.3.tgz",
      "integrity": "sha1-4Ma8TSa5AxJEEOT+2BEDAU38H1k=",
      "requires": {
        "os-tmpdir": "1.0.2",
        "rimraf": "2.2.8"
      }
    }
  }
}
